{
  "object": {
    "pins": [
      {
        "package": "Bytes",
        "repositoryURL": "https://github.com/elegantchaos/Bytes.git",
        "state": {
          "branch": "float-support",
          "revision": "dfd75eda165e698ec971dafc7a1bf469ca361ac6",
          "version": null
        }
      },
      {
        "package": "Matchable",
        "repositoryURL": "https://github.com/elegantchaos/Matchable.git",
        "state": {
          "branch": null,
          "revision": "0f523c77bf4b0dbbdc0838b952262ed45fab17f8",
          "version": "1.0.6"
        }
      },
      {
        "package": "XCTestExtensions",
        "repositoryURL": "https://github.com/elegantchaos/XCTestExtensions.git",
        "state": {
          "branch": null,
          "revision": "fe22ce2b52bdfaec1ce62280a21c7c5b23650dc8",
          "version": "1.4.5"
        }
      }
    ]
  },
  "version": 1
}
