{
  "object": {
    "pins": [
      {
        "package": "Bytes",
        "repositoryURL": "https://github.com/elegantchaos/Bytes.git",
        "state": {
          "branch": null,
          "revision": "545ee631d20b34cd9599f65c979c26e3384d5bf7",
          "version": "0.3.3"
        }
      },
      {
        "package": "Matchable",
        "repositoryURL": "https://github.com/elegantchaos/Matchable.git",
        "state": {
          "branch": null,
          "revision": "d53e807009960aafbd54f6229c2542f906628b38",
          "version": "1.0.7"
        }
      },
      {
        "package": "XCTestExtensions",
        "repositoryURL": "https://github.com/elegantchaos/XCTestExtensions.git",
        "state": {
          "branch": null,
          "revision": "40da6a09823c8a9bfa68b6487e92d86b8e8a821e",
          "version": "1.5.1"
        }
      }
    ]
  },
  "version": 1
}
